
Microsoft Visual Studio Solution File, Format Version 12.00
# Visual Studio Version 17
VisualStudioVersion = 17.0.31903.59
MinimumVisualStudioVersion = 10.0.40219.1
Project("{2150E333-8FDC-42A3-9474-1A3956D46DE8}") = "src", "src", "{A3FD72F1-5D71-42F7-89B1-BF97018522BA}"
EndProject
Project("{2150E333-8FDC-42A3-9474-1A3956D46DE8}") = "Infraestructure", "Infraestructure", "{021AAD57-D959-4BAC-90D3-5249D209AE58}"
EndProject
Project("{2150E333-8FDC-42A3-9474-1A3956D46DE8}") = "Core", "Core", "{7BB008B3-9FA0-409D-9E65-7A0497437BB6}"
EndProject
Project("{2150E333-8FDC-42A3-9474-1A3956D46DE8}") = "Presentation", "Presentation", "{F1841D80-EF60-4A20-9994-B4054186300B}"
EndProject
Project("{FAE04EC0-301F-11D3-BF4B-00C04F79EFBC}") = "Application", "Application\Application.csproj", "{85626B0B-EE5F-486D-9CF1-A79015C489FD}"
EndProject
Project("{FAE04EC0-301F-11D3-BF4B-00C04F79EFBC}") = "Domain", "Domain\Domain.csproj", "{75C4FA4E-1324-40CB-938C-4D48D84AE38E}"
EndProject
Project("{FAE04EC0-301F-11D3-BF4B-00C04F79EFBC}") = "Persistence", "Persistence\Persistence.csproj", "{7AE05C24-8FEA-4253-B8DB-21385B66508B}"
EndProject
Project("{FAE04EC0-301F-11D3-BF4B-00C04F79EFBC}") = "Shared", "Shared\Shared.csproj", "{F33C92C7-6057-4F31-ACEF-D752C895098D}"
EndProject
Project("{FAE04EC0-301F-11D3-BF4B-00C04F79EFBC}") = "WebApiToDo", "WebApiToDo\WebApiToDo.csproj", "{DEC10ED2-50EA-4CB8-AD7E-927A25F991F1}"
EndProject
Project("{FAE04EC0-301F-11D3-BF4B-00C04F79EFBC}") = "Api.Tests", "Api.Tests\Api.Tests.csproj", "{6D5F25AC-6E7C-4DA5-BCAF-9CA68B3213CC}"
EndProject
Global
	GlobalSection(SolutionConfigurationPlatforms) = preSolution
		Debug|Any CPU = Debug|Any CPU
		Release|Any CPU = Release|Any CPU
	EndGlobalSection
	GlobalSection(ProjectConfigurationPlatforms) = postSolution
		{85626B0B-EE5F-486D-9CF1-A79015C489FD}.Debug|Any CPU.ActiveCfg = Debug|Any CPU
		{85626B0B-EE5F-486D-9CF1-A79015C489FD}.Debug|Any CPU.Build.0 = Debug|Any CPU
		{85626B0B-EE5F-486D-9CF1-A79015C489FD}.Release|Any CPU.ActiveCfg = Release|Any CPU
		{85626B0B-EE5F-486D-9CF1-A79015C489FD}.Release|Any CPU.Build.0 = Release|Any CPU
		{75C4FA4E-1324-40CB-938C-4D48D84AE38E}.Debug|Any CPU.ActiveCfg = Debug|Any CPU
		{75C4FA4E-1324-40CB-938C-4D48D84AE38E}.Debug|Any CPU.Build.0 = Debug|Any CPU
		{75C4FA4E-1324-40CB-938C-4D48D84AE38E}.Release|Any CPU.ActiveCfg = Release|Any CPU
		{75C4FA4E-1324-40CB-938C-4D48D84AE38E}.Release|Any CPU.Build.0 = Release|Any CPU
		{7AE05C24-8FEA-4253-B8DB-21385B66508B}.Debug|Any CPU.ActiveCfg = Debug|Any CPU
		{7AE05C24-8FEA-4253-B8DB-21385B66508B}.Debug|Any CPU.Build.0 = Debug|Any CPU
		{7AE05C24-8FEA-4253-B8DB-21385B66508B}.Release|Any CPU.ActiveCfg = Release|Any CPU
		{7AE05C24-8FEA-4253-B8DB-21385B66508B}.Release|Any CPU.Build.0 = Release|Any CPU
		{F33C92C7-6057-4F31-ACEF-D752C895098D}.Debug|Any CPU.ActiveCfg = Debug|Any CPU
		{F33C92C7-6057-4F31-ACEF-D752C895098D}.Debug|Any CPU.Build.0 = Debug|Any CPU
		{F33C92C7-6057-4F31-ACEF-D752C895098D}.Release|Any CPU.ActiveCfg = Release|Any CPU
		{F33C92C7-6057-4F31-ACEF-D752C895098D}.Release|Any CPU.Build.0 = Release|Any CPU
		{DEC10ED2-50EA-4CB8-AD7E-927A25F991F1}.Debug|Any CPU.ActiveCfg = Debug|Any CPU
		{DEC10ED2-50EA-4CB8-AD7E-927A25F991F1}.Debug|Any CPU.Build.0 = Debug|Any CPU
		{DEC10ED2-50EA-4CB8-AD7E-927A25F991F1}.Release|Any CPU.ActiveCfg = Release|Any CPU
		{DEC10ED2-50EA-4CB8-AD7E-927A25F991F1}.Release|Any CPU.Build.0 = Release|Any CPU
		{6D5F25AC-6E7C-4DA5-BCAF-9CA68B3213CC}.Debug|Any CPU.ActiveCfg = Debug|Any CPU
		{6D5F25AC-6E7C-4DA5-BCAF-9CA68B3213CC}.Debug|Any CPU.Build.0 = Debug|Any CPU
		{6D5F25AC-6E7C-4DA5-BCAF-9CA68B3213CC}.Release|Any CPU.ActiveCfg = Release|Any CPU
		{6D5F25AC-6E7C-4DA5-BCAF-9CA68B3213CC}.Release|Any CPU.Build.0 = Release|Any CPU
	EndGlobalSection
	GlobalSection(SolutionProperties) = preSolution
		HideSolutionNode = FALSE
	EndGlobalSection
	GlobalSection(NestedProjects) = preSolution
		{021AAD57-D959-4BAC-90D3-5249D209AE58} = {A3FD72F1-5D71-42F7-89B1-BF97018522BA}
		{7BB008B3-9FA0-409D-9E65-7A0497437BB6} = {A3FD72F1-5D71-42F7-89B1-BF97018522BA}
		{F1841D80-EF60-4A20-9994-B4054186300B} = {A3FD72F1-5D71-42F7-89B1-BF97018522BA}
		{85626B0B-EE5F-486D-9CF1-A79015C489FD} = {7BB008B3-9FA0-409D-9E65-7A0497437BB6}
		{75C4FA4E-1324-40CB-938C-4D48D84AE38E} = {7BB008B3-9FA0-409D-9E65-7A0497437BB6}
		{7AE05C24-8FEA-4253-B8DB-21385B66508B} = {021AAD57-D959-4BAC-90D3-5249D209AE58}
		{F33C92C7-6057-4F31-ACEF-D752C895098D} = {021AAD57-D959-4BAC-90D3-5249D209AE58}
		{DEC10ED2-50EA-4CB8-AD7E-927A25F991F1} = {F1841D80-EF60-4A20-9994-B4054186300B}
		{6D5F25AC-6E7C-4DA5-BCAF-9CA68B3213CC} = {A3FD72F1-5D71-42F7-89B1-BF97018522BA}
	EndGlobalSection
	GlobalSection(ExtensibilityGlobals) = postSolution
		SolutionGuid = {73F3951E-DD91-45B5-ACFE-7C6A7E9AC602}
	EndGlobalSection
EndGlobal
